// !$*UTF8*$!
{
	archiveVersion = 1;
	classes = {
	};
	objectVersion = 50;
	objects = {

/* Begin PBXBuildFile section */
		3E43171A20C22AF500808E49 /* AppDelegate.swift in Sources */ = {isa = PBXBuildFile; fileRef = 3E43171920C22AF500808E49 /* AppDelegate.swift */; };
		3E43171C20C22AF500808E49 /* ViewController.swift in Sources */ = {isa = PBXBuildFile; fileRef = 3E43171B20C22AF500808E49 /* ViewController.swift */; };
		3E43171F20C22AF500808E49 /* Main.storyboard in Resources */ = {isa = PBXBuildFile; fileRef = 3E43171D20C22AF500808E49 /* Main.storyboard */; };
		3E43172120C22AFC00808E49 /* Assets.xcassets in Resources */ = {isa = PBXBuildFile; fileRef = 3E43172020C22AFC00808E49 /* Assets.xcassets */; };
		3E43172420C22AFC00808E49 /* LaunchScreen.storyboard in Resources */ = {isa = PBXBuildFile; fileRef = 3E43172220C22AFC00808E49 /* LaunchScreen.storyboard */; };
		CE193D96190E889B686514FC /* Pods_UHProject.framework in Frameworks */ = {isa = PBXBuildFile; fileRef = F06BCB8D6181A86C3514578A /* Pods_UHProject.framework */; };
/* End PBXBuildFile section */

/* Begin PBXFileReference section */
		3E43171620C22AF500808E49 /* UHProject.app */ = {isa = PBXFileReference; explicitFileType = wrapper.application; includeInIndex = 0; path = UHProject.app; sourceTree = BUILT_PRODUCTS_DIR; };
		3E43171920C22AF500808E49 /* AppDelegate.swift */ = {isa = PBXFileReference; lastKnownFileType = sourcecode.swift; path = AppDelegate.swift; sourceTree = "<group>"; };
		3E43171B20C22AF500808E49 /* ViewController.swift */ = {isa = PBXFileReference; lastKnownFileType = sourcecode.swift; path = ViewController.swift; sourceTree = "<group>"; };
		3E43171E20C22AF500808E49 /* Base */ = {isa = PBXFileReference; lastKnownFileType = file.storyboard; name = Base; path = Base.lproj/Main.storyboard; sourceTree = "<group>"; };
		3E43172020C22AFC00808E49 /* Assets.xcassets */ = {isa = PBXFileReference; lastKnownFileType = folder.assetcatalog; path = Assets.xcassets; sourceTree = "<group>"; };
		3E43172320C22AFC00808E49 /* Base */ = {isa = PBXFileReference; lastKnownFileType = file.storyboard; name = Base; path = Base.lproj/LaunchScreen.storyboard; sourceTree = "<group>"; };
		3E43172520C22AFC00808E49 /* Info.plist */ = {isa = PBXFileReference; lastKnownFileType = text.plist.xml; path = Info.plist; sourceTree = "<group>"; };
		7F2E47F48BFB576CE578E9D7 /* Pods-UHProject.release.xcconfig */ = {isa = PBXFileReference; includeInIndex = 1; lastKnownFileType = text.xcconfig; name = "Pods-UHProject.release.xcconfig"; path = "Pods/Target Support Files/Pods-UHProject/Pods-UHProject.release.xcconfig"; sourceTree = "<group>"; };
		E1DDAB90F927DD4B139ECE6E /* Pods-UHProject.debug.xcconfig */ = {isa = PBXFileReference; includeInIndex = 1; lastKnownFileType = text.xcconfig; name = "Pods-UHProject.debug.xcconfig"; path = "Pods/Target Support Files/Pods-UHProject/Pods-UHProject.debug.xcconfig"; sourceTree = "<group>"; };
		F06BCB8D6181A86C3514578A /* Pods_UHProject.framework */ = {isa = PBXFileReference; explicitFileType = wrapper.framework; includeInIndex = 0; path = Pods_UHProject.framework; sourceTree = BUILT_PRODUCTS_DIR; };
/* End PBXFileReference section */

/* Begin PBXFrameworksBuildPhase section */
		3E43171320C22AF500808E49 /* Frameworks */ = {
			isa = PBXFrameworksBuildPhase;
			buildActionMask = 2147483647;
			files = (
				CE193D96190E889B686514FC /* Pods_UHProject.framework in Frameworks */,
			);
			runOnlyForDeploymentPostprocessing = 0;
		};
/* End PBXFrameworksBuildPhase section */

/* Begin PBXGroup section */
		3E43170D20C22AF500808E49 = {
			isa = PBXGroup;
			children = (
				3E43171820C22AF500808E49 /* UHProject */,
				3E43171720C22AF500808E49 /* Products */,
				725F46104EB2664F11444A3D /* Pods */,
				BCC53C1402F55D97B4735843 /* Frameworks */,
			);
			sourceTree = "<group>";
		};
		3E43171720C22AF500808E49 /* Products */ = {
			isa = PBXGroup;
			children = (
				3E43171620C22AF500808E49 /* UHProject.app */,
			);
			name = Products;
			sourceTree = "<group>";
		};
		3E43171820C22AF500808E49 /* UHProject */ = {
			isa = PBXGroup;
			children = (
				3E43171920C22AF500808E49 /* AppDelegate.swift */,
				3E43171B20C22AF500808E49 /* ViewController.swift */,
				3E43171D20C22AF500808E49 /* Main.storyboard */,
				3E43172020C22AFC00808E49 /* Assets.xcassets */,
				3E43172220C22AFC00808E49 /* LaunchScreen.storyboard */,
				3E43172520C22AFC00808E49 /* Info.plist */,
			);
			path = UHProject;
			sourceTree = "<group>";
		};
		725F46104EB2664F11444A3D /* Pods */ = {
			isa = PBXGroup;
			children = (
				E1DDAB90F927DD4B139ECE6E /* Pods-UHProject.debug.xcconfig */,
				7F2E47F48BFB576CE578E9D7 /* Pods-UHProject.release.xcconfig */,
			);
			name = Pods;
			sourceTree = "<group>";
		};
		BCC53C1402F55D97B4735843 /* Frameworks */ = {
			isa = PBXGroup;
			children = (
				F06BCB8D6181A86C3514578A /* Pods_UHProject.framework */,
			);
			name = Frameworks;
			sourceTree = "<group>";
		};
/* End PBXGroup section */

/* Begin PBXNativeTarget section */
		3E43171520C22AF500808E49 /* UHProject */ = {
			isa = PBXNativeTarget;
			buildConfigurationList = 3E43172820C22AFC00808E49 /* Build configuration list for PBXNativeTarget "UHProject" */;
			buildPhases = (
				E3AEF9E59165D0C2F0790125 /* [CP] Check Pods Manifest.lock */,
				3E43171220C22AF500808E49 /* Sources */,
				3E43171320C22AF500808E49 /* Frameworks */,
				3E43171420C22AF500808E49 /* Resources */,
				2383F2F80022DF68D995F486 /* [CP] Embed Pods Frameworks */,
				E941FE285C5DB2B476633EFC /* [CP] Copy Pods Resources */,
			);
			buildRules = (
			);
			dependencies = (
			);
			name = UHProject;
			productName = UHProject;
			productReference = 3E43171620C22AF500808E49 /* UHProject.app */;
			productType = "com.apple.product-type.application";
		};
/* End PBXNativeTarget section */

/* Begin PBXProject section */
		3E43170E20C22AF500808E49 /* Project object */ = {
			isa = PBXProject;
			attributes = {
				LastSwiftUpdateCheck = 0940;
				LastUpgradeCheck = 0940;
				ORGANIZATIONNAME = "Felipe Antonio Cardoso";
				TargetAttributes = {
					3E43171520C22AF500808E49 = {
						CreatedOnToolsVersion = 9.4;
					};
				};
			};
			buildConfigurationList = 3E43171120C22AF500808E49 /* Build configuration list for PBXProject "UHProject" */;
			compatibilityVersion = "Xcode 9.3";
			developmentRegion = en;
			hasScannedForEncodings = 0;
			knownRegions = (
				en,
				Base,
			);
			mainGroup = 3E43170D20C22AF500808E49;
			productRefGroup = 3E43171720C22AF500808E49 /* Products */;
			projectDirPath = "";
			projectRoot = "";
			targets = (
				3E43171520C22AF500808E49 /* UHProject */,
			);
		};
/* End PBXProject section */

/* Begin PBXResourcesBuildPhase section */
		3E43171420C22AF500808E49 /* Resources */ = {
			isa = PBXResourcesBuildPhase;
			buildActionMask = 2147483647;
			files = (
				3E43172420C22AFC00808E49 /* LaunchScreen.storyboard in Resources */,
				3E43172120C22AFC00808E49 /* Assets.xcassets in Resources */,
				3E43171F20C22AF500808E49 /* Main.storyboard in Resources */,
			);
			runOnlyForDeploymentPostprocessing = 0;
		};
/* End PBXResourcesBuildPhase section */

/* Begin PBXShellScriptBuildPhase section */
		2383F2F80022DF68D995F486 /* [CP] Embed Pods Frameworks */ = {
			isa = PBXShellScriptBuildPhase;
			buildActionMask = 2147483647;
			files = (
			);
			inputPaths = (
				"${SRCROOT}/Pods/Target Support Files/Pods-UHProject/Pods-UHProject-frameworks.sh",
				"${BUILT_PRODUCTS_DIR}/UberCore/UberCore.framework",
				"${BUILT_PRODUCTS_DIR}/UberRides/UberRides.framework",
			);
			name = "[CP] Embed Pods Frameworks";
			outputPaths = (
				"${TARGET_BUILD_DIR}/${FRAMEWORKS_FOLDER_PATH}/UberCore.framework",
				"${TARGET_BUILD_DIR}/${FRAMEWORKS_FOLDER_PATH}/UberRides.framework",
			);
			runOnlyForDeploymentPostprocessing = 0;
			shellPath = /bin/sh;
			shellScript = "\"${SRCROOT}/Pods/Target Support Files/Pods-UHProject/Pods-UHProject-frameworks.sh\"\n";
			showEnvVarsInLog = 0;
		};
		E3AEF9E59165D0C2F0790125 /* [CP] Check Pods Manifest.lock */ = {
			isa = PBXShellScriptBuildPhase;
			buildActionMask = 2147483647;
			files = (
			);
			inputPaths = (
				"${PODS_PODFILE_DIR_PATH}/Podfile.lock",
				"${PODS_ROOT}/Manifest.lock",
			);
			name = "[CP] Check Pods Manifest.lock";
			outputPaths = (
				"$(DERIVED_FILE_DIR)/Pods-UHProject-checkManifestLockResult.txt",
			);
			runOnlyForDeploymentPostprocessing = 0;
			shellPath = /bin/sh;
			shellScript = "diff \"${PODS_PODFILE_DIR_PATH}/Podfile.lock\" \"${PODS_ROOT}/Manifest.lock\" > /dev/null\nif [ $? != 0 ] ; then\n    # print error to STDERR\n    echo \"error: The sandbox is not in sync with the Podfile.lock. Run 'pod install' or update your CocoaPods installation.\" >&2\n    exit 1\nfi\n# This output is used by Xcode 'outputs' to avoid re-running this script phase.\necho \"SUCCESS\" > \"${SCRIPT_OUTPUT_FILE_0}\"\n";
			showEnvVarsInLog = 0;
		};
		E941FE285C5DB2B476633EFC /* [CP] Copy Pods Resources */ = {
			isa = PBXShellScriptBuildPhase;
			buildActionMask = 2147483647;
			files = (
			);
			inputPaths = (
				"${SRCROOT}/Pods/Target Support Files/Pods-UHProject/Pods-UHProject-resources.sh",
				"${PODS_ROOT}/GooglePlaces/Frameworks/GooglePlaces.framework/Resources/GooglePlaces.bundle",
			);
			name = "[CP] Copy Pods Resources";
			outputPaths = (
				"${TARGET_BUILD_DIR}/${UNLOCALIZED_RESOURCES_FOLDER_PATH}/GooglePlaces.bundle",
			);
			runOnlyForDeploymentPostprocessing = 0;
			shellPath = /bin/sh;
			shellScript = "\"${SRCROOT}/Pods/Target Support Files/Pods-UHProject/Pods-UHProject-resources.sh\"\n";
			showEnvVarsInLog = 0;
		};
/* End PBXShellScriptBuildPhase section */

/* Begin PBXSourcesBuildPhase section */
		3E43171220C22AF500808E49 /* Sources */ = {
			isa = PBXSourcesBuildPhase;
			buildActionMask = 2147483647;
			files = (
				3E43171C20C22AF500808E49 /* ViewController.swift in Sources */,
				3E43171A20C22AF500808E49 /* AppDelegate.swift in Sources */,
			);
			runOnlyForDeploymentPostprocessing = 0;
		};
/* End PBXSourcesBuildPhase section */

/* Begin PBXVariantGroup section */
		3E43171D20C22AF500808E49 /* Main.storyboard */ = {
			isa = PBXVariantGroup;
			children = (
				3E43171E20C22AF500808E49 /* Base */,
			);
			name = Main.storyboard;
			sourceTree = "<group>";
		};
		3E43172220C22AFC00808E49 /* LaunchScreen.storyboard */ = {
			isa = PBXVariantGroup;
			children = (
				3E43172320C22AFC00808E49 /* Base */,
			);
			name = LaunchScreen.storyboard;
			sourceTree = "<group>";
		};
/* End PBXVariantGroup section */

/* Begin XCBuildConfiguration section */
		3E43172620C22AFC00808E49 /* Debug */ = {
			isa = XCBuildConfiguration;
			buildSettings = {
				ALWAYS_SEARCH_USER_PATHS = NO;
				CLANG_ANALYZER_NONNULL = YES;
				CLANG_ANALYZER_NUMBER_OBJECT_CONVERSION = YES_AGGRESSIVE;
				CLANG_CXX_LANGUAGE_STANDARD = "gnu++14";
				CLANG_CXX_LIBRARY = "libc++";
				CLANG_ENABLE_MODULES = YES;
				CLANG_ENABLE_OBJC_ARC = YES;
				CLANG_ENABLE_OBJC_WEAK = YES;
				CLANG_WARN_BLOCK_CAPTURE_AUTORELEASING = YES;
				CLANG_WARN_BOOL_CONVERSION = YES;
				CLANG_WARN_COMMA = YES;
				CLANG_WARN_CONSTANT_CONVERSION = YES;
				CLANG_WARN_DEPRECATED_OBJC_IMPLEMENTATIONS = YES;
				CLANG_WARN_DIRECT_OBJC_ISA_USAGE = YES_ERROR;
				CLANG_WARN_DOCUMENTATION_COMMENTS = YES;
				CLANG_WARN_EMPTY_BODY = YES;
				CLANG_WARN_ENUM_CONVERSION = YES;
				CLANG_WARN_INFINITE_RECURSION = YES;
				CLANG_WARN_INT_CONVERSION = YES;
				CLANG_WARN_NON_LITERAL_NULL_CONVERSION = YES;
				CLANG_WARN_OBJC_IMPLICIT_RETAIN_SELF = YES;
				CLANG_WARN_OBJC_LITERAL_CONVERSION = YES;
				CLANG_WARN_OBJC_ROOT_CLASS = YES_ERROR;
				CLANG_WARN_RANGE_LOOP_ANALYSIS = YES;
				CLANG_WARN_STRICT_PROTOTYPES = YES;
				CLANG_WARN_SUSPICIOUS_MOVE = YES;
				CLANG_WARN_UNGUARDED_AVAILABILITY = YES_AGGRESSIVE;
				CLANG_WARN_UNREACHABLE_CODE = YES;
				CLANG_WARN__DUPLICATE_METHOD_MATCH = YES;
				CODE_SIGN_IDENTITY = "iPhone Developer";
				COPY_PHASE_STRIP = NO;
				DEBUG_INFORMATION_FORMAT = dwarf;
				ENABLE_STRICT_OBJC_MSGSEND = YES;
				ENABLE_TESTABILITY = YES;
				GCC_C_LANGUAGE_STANDARD = gnu11;
				GCC_DYNAMIC_NO_PIC = NO;
				GCC_NO_COMMON_BLOCKS = YES;
				GCC_OPTIMIZATION_LEVEL = 0;
				GCC_PREPROCESSOR_DEFINITIONS = (
					"DEBUG=1",
					"$(inherited)",
				);
				GCC_WARN_64_TO_32_BIT_CONVERSION = YES;
				GCC_WARN_ABOUT_RETURN_TYPE = YES_ERROR;
				GCC_WARN_UNDECLARED_SELECTOR = YES;
				GCC_WARN_UNINITIALIZED_AUTOS = YES_AGGRESSIVE;
				GCC_WARN_UNUSED_FUNCTION = YES;
				GCC_WARN_UNUSED_VARIABLE = YES;
				IPHONEOS_DEPLOYMENT_TARGET = 11.4;
				MTL_ENABLE_DEBUG_INFO = YES;
				ONLY_ACTIVE_ARCH = YES;
				SDKROOT = iphoneos;
				SWIFT_ACTIVE_COMPILATION_CONDITIONS = DEBUG;
				SWIFT_OPTIMIZATION_LEVEL = "-Onone";
			};
			name = Debug;
		};
		3E43172720C22AFC00808E49 /* Release */ = {
			isa = XCBuildConfiguration;
			buildSettings = {
				ALWAYS_SEARCH_USER_PATHS = NO;
				CLANG_ANALYZER_NONNULL = YES;
				CLANG_ANALYZER_NUMBER_OBJECT_CONVERSION = YES_AGGRESSIVE;
				CLANG_CXX_LANGUAGE_STANDARD = "gnu++14";
				CLANG_CXX_LIBRARY = "libc++";
				CLANG_ENABLE_MODULES = YES;
				CLANG_ENABLE_OBJC_ARC = YES;
				CLANG_ENABLE_OBJC_WEAK = YES;
				CLANG_WARN_BLOCK_CAPTURE_AUTORELEASING = YES;
				CLANG_WARN_BOOL_CONVERSION = YES;
				CLANG_WARN_COMMA = YES;
				CLANG_WARN_CONSTANT_CONVERSION = YES;
				CLANG_WARN_DEPRECATED_OBJC_IMPLEMENTATIONS = YES;
				CLANG_WARN_DIRECT_OBJC_ISA_USAGE = YES_ERROR;
				CLANG_WARN_DOCUMENTATION_COMMENTS = YES;
				CLANG_WARN_EMPTY_BODY = YES;
				CLANG_WARN_ENUM_CONVERSION = YES;
				CLANG_WARN_INFINITE_RECURSION = YES;
				CLANG_WARN_INT_CONVERSION = YES;
				CLANG_WARN_NON_LITERAL_NULL_CONVERSION = YES;
				CLANG_WARN_OBJC_IMPLICIT_RETAIN_SELF = YES;
				CLANG_WARN_OBJC_LITERAL_CONVERSION = YES;
				CLANG_WARN_OBJC_ROOT_CLASS = YES_ERROR;
				CLANG_WARN_RANGE_LOOP_ANALYSIS = YES;
				CLANG_WARN_STRICT_PROTOTYPES = YES;
				CLANG_WARN_SUSPICIOUS_MOVE = YES;
				CLANG_WARN_UNGUARDED_AVAILABILITY = YES_AGGRESSIVE;
				CLANG_WARN_UNREACHABLE_CODE = YES;
				CLANG_WARN__DUPLICATE_METHOD_MATCH = YES;
				CODE_SIGN_IDENTITY = "iPhone Developer";
				COPY_PHASE_STRIP = NO;
				DEBUG_INFORMATION_FORMAT = "dwarf-with-dsym";
				ENABLE_NS_ASSERTIONS = NO;
				ENABLE_STRICT_OBJC_MSGSEND = YES;
				GCC_C_LANGUAGE_STANDARD = gnu11;
				GCC_NO_COMMON_BLOCKS = YES;
				GCC_WARN_64_TO_32_BIT_CONVERSION = YES;
				GCC_WARN_ABOUT_RETURN_TYPE = YES_ERROR;
				GCC_WARN_UNDECLARED_SELECTOR = YES;
				GCC_WARN_UNINITIALIZED_AUTOS = YES_AGGRESSIVE;
				GCC_WARN_UNUSED_FUNCTION = YES;
				GCC_WARN_UNUSED_VARIABLE = YES;
				IPHONEOS_DEPLOYMENT_TARGET = 11.4;
				MTL_ENABLE_DEBUG_INFO = NO;
				SDKROOT = iphoneos;
				SWIFT_COMPILATION_MODE = wholemodule;
				SWIFT_OPTIMIZATION_LEVEL = "-O";
				VALIDATE_PRODUCT = YES;
			};
			name = Release;
		};
		3E43172920C22AFC00808E49 /* Debug */ = {
			isa = XCBuildConfiguration;
			baseConfigurationReference = E1DDAB90F927DD4B139ECE6E /* Pods-UHProject.debug.xcconfig */;
			buildSettings = {
				ASSETCATALOG_COMPILER_APPICON_NAME = AppIcon;
				CODE_SIGN_STYLE = Automatic;
				DEVELOPMENT_TEAM = 6S2QHFGTQK;
				INFOPLIST_FILE = UHProject/Info.plist;
				LD_RUNPATH_SEARCH_PATHS = (
					"$(inherited)",
					"@executable_path/Frameworks",
				);
				PRODUCT_BUNDLE_IDENTIFIER = com.felipeantoniocardoso.UHProject;
				PRODUCT_NAME = "$(TARGET_NAME)";
				SWIFT_VERSION = 4.0;
				TARGETED_DEVICE_FAMILY = "1,2";
			};
			name = Debug;
		};
		3E43172A20C22AFC00808E49 /* Release */ = {
			isa = XCBuildConfiguration;
			baseConfigurationReference = 7F2E47F48BFB576CE578E9D7 /* Pods-UHProject.release.xcconfig */;
			buildSettings = {
				ASSETCATALOG_COMPILER_APPICON_NAME = AppIcon;
				CODE_SIGN_STYLE = Automatic;
				DEVELOPMENT_TEAM = 6S2QHFGTQK;
				INFOPLIST_FILE = UHProject/Info.plist;
				LD_RUNPATH_SEARCH_PATHS = (
					"$(inherited)",
					"@executable_path/Frameworks",
				);
				PRODUCT_BUNDLE_IDENTIFIER = com.felipeantoniocardoso.UHProject;
				PRODUCT_NAME = "$(TARGET_NAME)";
				SWIFT_VERSION = 4.0;
				TARGETED_DEVICE_FAMILY = "1,2";
			};
			name = Release;
		};
/* End XCBuildConfiguration section */

/* Begin XCConfigurationList section */
		3E43171120C22AF500808E49 /* Build configuration list for PBXProject "UHProject" */ = {
			isa = XCConfigurationList;
			buildConfigurations = (
				3E43172620C22AFC00808E49 /* Debug */,
				3E43172720C22AFC00808E49 /* Release */,
			);
			defaultConfigurationIsVisible = 0;
			defaultConfigurationName = Release;
		};
		3E43172820C22AFC00808E49 /* Build configuration list for PBXNativeTarget "UHProject" */ = {
			isa = XCConfigurationList;
			buildConfigurations = (
				3E43172920C22AFC00808E49 /* Debug */,
				3E43172A20C22AFC00808E49 /* Release */,
			);
			defaultConfigurationIsVisible = 0;
			defaultConfigurationName = Release;
		};
/* End XCConfigurationList section */
	};
	rootObject = 3E43170E20C22AF500808E49 /* Project object */;
}
